
Microsoft Visual Studio Solution File, Format Version 12.00
# Visual Studio Version 17
VisualStudioVersion = 17.8.34601.278
MinimumVisualStudioVersion = 10.0.40219.1
Project("{FAE04EC0-301F-11D3-BF4B-00C04F79EFBC}") = "WebAppBank", "WebAppBank\WebAppBank.csproj", "{10B8E189-7752-447D-AD94-2C7D1BBA57EE}"
EndProject
Global
	GlobalSection(SolutionConfigurationPlatforms) = preSolution
		Debug|Any CPU = Debug|Any CPU
		Release|Any CPU = Release|Any CPU
	EndGlobalSection
	GlobalSection(ProjectConfigurationPlatforms) = postSolution
		{10B8E189-7752-447D-AD94-2C7D1BBA57EE}.Debug|Any CPU.ActiveCfg = Debug|Any CPU
		{10B8E189-7752-447D-AD94-2C7D1BBA57EE}.Debug|Any CPU.Build.0 = Debug|Any CPU
		{10B8E189-7752-447D-AD94-2C7D1BBA57EE}.Release|Any CPU.ActiveCfg = Release|Any CPU
		{10B8E189-7752-447D-AD94-2C7D1BBA57EE}.Release|Any CPU.Build.0 = Release|Any CPU
	EndGlobalSection
	GlobalSection(SolutionProperties) = preSolution
		HideSolutionNode = FALSE
	EndGlobalSection
	GlobalSection(ExtensibilityGlobals) = postSolution
		SolutionGuid = {DE9D101A-C3CA-4297-ADFE-4C5F7F3A7D32}
	EndGlobalSection
EndGlobal
